
Microsoft Visual Studio Solution File, Format Version 12.00
# Visual Studio 14
VisualStudioVersion = 14.0.24720.0
MinimumVisualStudioVersion = 10.0.40219.1
Project("{FAE04EC0-301F-11D3-BF4B-00C04F79EFBC}") = "Algorithims", "Algorithims\Algorithims.csproj", "{836D3E0C-A23A-4FC8-8E7A-E1F383FA6396}"
EndProject
Project("{FAE04EC0-301F-11D3-BF4B-00C04F79EFBC}") = "Exercises", "Exercises\Exercises.csproj", "{EB6D41B6-8DE9-4B2D-93E0-020A9B2DB927}"
EndProject
Project("{FAE04EC0-301F-11D3-BF4B-00C04F79EFBC}") = "ExercisesTests", "ExercisesTests\ExercisesTests.csproj", "{8C51E207-3ECB-4AFF-8C2D-8BDB535F948B}"
EndProject
Project("{FAE04EC0-301F-11D3-BF4B-00C04F79EFBC}") = "AlgorithimsInterface", "AlgorithimsInterface\AlgorithimsInterface.csproj", "{E09BFCEF-ABFC-4260-A85B-5902150CC9A2}"
EndProject
Project("{FAE04EC0-301F-11D3-BF4B-00C04F79EFBC}") = "AlgorithimsTests", "AlgorithimsTests\AlgorithimsTests.csproj", "{FD5A783F-BC67-4925-87C7-0457A2C9B60E}"
EndProject
Global
	GlobalSection(SolutionConfigurationPlatforms) = preSolution
		Debug|Any CPU = Debug|Any CPU
		Release|Any CPU = Release|Any CPU
	EndGlobalSection
	GlobalSection(ProjectConfigurationPlatforms) = postSolution
		{836D3E0C-A23A-4FC8-8E7A-E1F383FA6396}.Debug|Any CPU.ActiveCfg = Debug|Any CPU
		{836D3E0C-A23A-4FC8-8E7A-E1F383FA6396}.Debug|Any CPU.Build.0 = Debug|Any CPU
		{836D3E0C-A23A-4FC8-8E7A-E1F383FA6396}.Release|Any CPU.ActiveCfg = Release|Any CPU
		{836D3E0C-A23A-4FC8-8E7A-E1F383FA6396}.Release|Any CPU.Build.0 = Release|Any CPU
		{EB6D41B6-8DE9-4B2D-93E0-020A9B2DB927}.Debug|Any CPU.ActiveCfg = Debug|Any CPU
		{EB6D41B6-8DE9-4B2D-93E0-020A9B2DB927}.Debug|Any CPU.Build.0 = Debug|Any CPU
		{EB6D41B6-8DE9-4B2D-93E0-020A9B2DB927}.Release|Any CPU.ActiveCfg = Release|Any CPU
		{EB6D41B6-8DE9-4B2D-93E0-020A9B2DB927}.Release|Any CPU.Build.0 = Release|Any CPU
		{8C51E207-3ECB-4AFF-8C2D-8BDB535F948B}.Debug|Any CPU.ActiveCfg = Debug|Any CPU
		{8C51E207-3ECB-4AFF-8C2D-8BDB535F948B}.Debug|Any CPU.Build.0 = Debug|Any CPU
		{8C51E207-3ECB-4AFF-8C2D-8BDB535F948B}.Release|Any CPU.ActiveCfg = Release|Any CPU
		{8C51E207-3ECB-4AFF-8C2D-8BDB535F948B}.Release|Any CPU.Build.0 = Release|Any CPU
		{E09BFCEF-ABFC-4260-A85B-5902150CC9A2}.Debug|Any CPU.ActiveCfg = Debug|Any CPU
		{E09BFCEF-ABFC-4260-A85B-5902150CC9A2}.Debug|Any CPU.Build.0 = Debug|Any CPU
		{E09BFCEF-ABFC-4260-A85B-5902150CC9A2}.Release|Any CPU.ActiveCfg = Release|Any CPU
		{E09BFCEF-ABFC-4260-A85B-5902150CC9A2}.Release|Any CPU.Build.0 = Release|Any CPU
		{FD5A783F-BC67-4925-87C7-0457A2C9B60E}.Debug|Any CPU.ActiveCfg = Debug|Any CPU
		{FD5A783F-BC67-4925-87C7-0457A2C9B60E}.Debug|Any CPU.Build.0 = Debug|Any CPU
		{FD5A783F-BC67-4925-87C7-0457A2C9B60E}.Release|Any CPU.ActiveCfg = Release|Any CPU
		{FD5A783F-BC67-4925-87C7-0457A2C9B60E}.Release|Any CPU.Build.0 = Release|Any CPU
	EndGlobalSection
	GlobalSection(SolutionProperties) = preSolution
		HideSolutionNode = FALSE
	EndGlobalSection
EndGlobal
